
Microsoft Visual Studio Solution File, Format Version 12.00
# Visual Studio Version 17
VisualStudioVersion = 17.8.34525.116
MinimumVisualStudioVersion = 10.0.40219.1
Project("{FAE04EC0-301F-11D3-BF4B-00C04F79EFBC}") = "ProductApp.Api", "ProductApp.Api\ProductApp.Api.csproj", "{56C4CF51-8470-4FB8-9E6F-DF85765599DF}"
EndProject
Project("{FAE04EC0-301F-11D3-BF4B-00C04F79EFBC}") = "ProductApp.Tests", "ProductApp.Tests\ProductApp.Tests.csproj", "{FFD12AFF-D9B0-4513-8940-B068F26AFDD7}"
EndProject
Project("{FAE04EC0-301F-11D3-BF4B-00C04F79EFBC}") = "ProductApp.Infrastructure", "ProductApp.Infrastructure\ProductApp.Infrastructure.csproj", "{299CB7F2-F0A3-4774-8C47-C59FF2E2657D}"
EndProject
Project("{FAE04EC0-301F-11D3-BF4B-00C04F79EFBC}") = "ProductApp.Core", "ProductApp.Core\ProductApp.Core.csproj", "{E81B18D8-F589-40CF-954A-991DF12B8FB8}"
EndProject
Project("{FAE04EC0-301F-11D3-BF4B-00C04F79EFBC}") = "ProductApp.DAL", "ProductApp.DAL\ProductApp.DAL.csproj", "{DCB941BB-CFEF-4A18-8177-DFD719BBB8A0}"
EndProject
Global
	GlobalSection(SolutionConfigurationPlatforms) = preSolution
		Debug|Any CPU = Debug|Any CPU
		Release|Any CPU = Release|Any CPU
	EndGlobalSection
	GlobalSection(ProjectConfigurationPlatforms) = postSolution
		{56C4CF51-8470-4FB8-9E6F-DF85765599DF}.Debug|Any CPU.ActiveCfg = Debug|Any CPU
		{56C4CF51-8470-4FB8-9E6F-DF85765599DF}.Debug|Any CPU.Build.0 = Debug|Any CPU
		{56C4CF51-8470-4FB8-9E6F-DF85765599DF}.Release|Any CPU.ActiveCfg = Release|Any CPU
		{56C4CF51-8470-4FB8-9E6F-DF85765599DF}.Release|Any CPU.Build.0 = Release|Any CPU
		{FFD12AFF-D9B0-4513-8940-B068F26AFDD7}.Debug|Any CPU.ActiveCfg = Debug|Any CPU
		{FFD12AFF-D9B0-4513-8940-B068F26AFDD7}.Debug|Any CPU.Build.0 = Debug|Any CPU
		{FFD12AFF-D9B0-4513-8940-B068F26AFDD7}.Release|Any CPU.ActiveCfg = Release|Any CPU
		{FFD12AFF-D9B0-4513-8940-B068F26AFDD7}.Release|Any CPU.Build.0 = Release|Any CPU
		{299CB7F2-F0A3-4774-8C47-C59FF2E2657D}.Debug|Any CPU.ActiveCfg = Debug|Any CPU
		{299CB7F2-F0A3-4774-8C47-C59FF2E2657D}.Debug|Any CPU.Build.0 = Debug|Any CPU
		{299CB7F2-F0A3-4774-8C47-C59FF2E2657D}.Release|Any CPU.ActiveCfg = Release|Any CPU
		{299CB7F2-F0A3-4774-8C47-C59FF2E2657D}.Release|Any CPU.Build.0 = Release|Any CPU
		{E81B18D8-F589-40CF-954A-991DF12B8FB8}.Debug|Any CPU.ActiveCfg = Debug|Any CPU
		{E81B18D8-F589-40CF-954A-991DF12B8FB8}.Debug|Any CPU.Build.0 = Debug|Any CPU
		{E81B18D8-F589-40CF-954A-991DF12B8FB8}.Release|Any CPU.ActiveCfg = Release|Any CPU
		{E81B18D8-F589-40CF-954A-991DF12B8FB8}.Release|Any CPU.Build.0 = Release|Any CPU
		{DCB941BB-CFEF-4A18-8177-DFD719BBB8A0}.Debug|Any CPU.ActiveCfg = Debug|Any CPU
		{DCB941BB-CFEF-4A18-8177-DFD719BBB8A0}.Debug|Any CPU.Build.0 = Debug|Any CPU
		{DCB941BB-CFEF-4A18-8177-DFD719BBB8A0}.Release|Any CPU.ActiveCfg = Release|Any CPU
		{DCB941BB-CFEF-4A18-8177-DFD719BBB8A0}.Release|Any CPU.Build.0 = Release|Any CPU
	EndGlobalSection
	GlobalSection(SolutionProperties) = preSolution
		HideSolutionNode = FALSE
	EndGlobalSection
	GlobalSection(ExtensibilityGlobals) = postSolution
		SolutionGuid = {A737D872-A81D-49EB-89D8-70EC0CC51C48}
	EndGlobalSection
EndGlobal
